
Microsoft Visual Studio Solution File, Format Version 12.00
# Visual Studio Version 17
VisualStudioVersion = 17.6.33829.357
MinimumVisualStudioVersion = 10.0.40219.1
Project("{FAE04EC0-301F-11D3-BF4B-00C04F79EFBC}") = "WebApplication1", "WebApplication1\WebApplication1.csproj", "{53838367-2747-4750-A40D-69DED9C343FD}"
EndProject
Global
	GlobalSection(SolutionConfigurationPlatforms) = preSolution
		Debug|Any CPU = Debug|Any CPU
		Release|Any CPU = Release|Any CPU
	EndGlobalSection
	GlobalSection(ProjectConfigurationPlatforms) = postSolution
		{53838367-2747-4750-A40D-69DED9C343FD}.Debug|Any CPU.ActiveCfg = Debug|Any CPU
		{53838367-2747-4750-A40D-69DED9C343FD}.Debug|Any CPU.Build.0 = Debug|Any CPU
		{53838367-2747-4750-A40D-69DED9C343FD}.Release|Any CPU.ActiveCfg = Release|Any CPU
		{53838367-2747-4750-A40D-69DED9C343FD}.Release|Any CPU.Build.0 = Release|Any CPU
	EndGlobalSection
	GlobalSection(SolutionProperties) = preSolution
		HideSolutionNode = FALSE
	EndGlobalSection
	GlobalSection(ExtensibilityGlobals) = postSolution
		SolutionGuid = {07B6B856-4C31-4FB6-9F5A-2FF992990B50}
	EndGlobalSection
EndGlobal
